
Microsoft Visual Studio Solution File, Format Version 12.00
# Visual Studio Version 17
VisualStudioVersion = 17.4.33213.308
MinimumVisualStudioVersion = 10.0.40219.1
Project("{FAE04EC0-301F-11D3-BF4B-00C04F79EFBC}") = "NZWalks.API", "NZWalks.API\NZWalks.API.csproj", "{FEB735BA-BA39-42E8-803D-1235DBC523D8}"
EndProject
Global
	GlobalSection(SolutionConfigurationPlatforms) = preSolution
		Debug|Any CPU = Debug|Any CPU
		Release|Any CPU = Release|Any CPU
	EndGlobalSection
	GlobalSection(ProjectConfigurationPlatforms) = postSolution
		{FEB735BA-BA39-42E8-803D-1235DBC523D8}.Debug|Any CPU.ActiveCfg = Debug|Any CPU
		{FEB735BA-BA39-42E8-803D-1235DBC523D8}.Debug|Any CPU.Build.0 = Debug|Any CPU
		{FEB735BA-BA39-42E8-803D-1235DBC523D8}.Release|Any CPU.ActiveCfg = Release|Any CPU
		{FEB735BA-BA39-42E8-803D-1235DBC523D8}.Release|Any CPU.Build.0 = Release|Any CPU
	EndGlobalSection
	GlobalSection(SolutionProperties) = preSolution
		HideSolutionNode = FALSE
	EndGlobalSection
	GlobalSection(ExtensibilityGlobals) = postSolution
		SolutionGuid = {DC07CA2E-97B7-4B0A-B5F1-0D4CA7787E25}
	EndGlobalSection
EndGlobal
